
Microsoft Visual Studio Solution File, Format Version 12.00
# Visual Studio 15
VisualStudioVersion = 15.0.28010.2050
MinimumVisualStudioVersion = 10.0.40219.1
Project("{FAE04EC0-301F-11D3-BF4B-00C04F79EFBC}") = "ECommerce", "ECommerce\ECommerce.csproj", "{EE3EC63A-8A2C-45F3-909C-716043D72080}"
EndProject
Project("{FAE04EC0-301F-11D3-BF4B-00C04F79EFBC}") = "ECommerce.Model", "ECommerce.Model\ECommerce.Model.csproj", "{56ABF01A-A2F2-4C94-AD95-15DF31F82337}"
EndProject
Project("{FAE04EC0-301F-11D3-BF4B-00C04F79EFBC}") = "ECommerce.DataAccess", "ECommerce.DataAccess\ECommerce.DataAccess.csproj", "{80B17EDC-FD83-4CA1-8F37-FFA0DA1C366D}"
EndProject
Global
	GlobalSection(SolutionConfigurationPlatforms) = preSolution
		Debug|Any CPU = Debug|Any CPU
		Release|Any CPU = Release|Any CPU
	EndGlobalSection
	GlobalSection(ProjectConfigurationPlatforms) = postSolution
		{EE3EC63A-8A2C-45F3-909C-716043D72080}.Debug|Any CPU.ActiveCfg = Debug|Any CPU
		{EE3EC63A-8A2C-45F3-909C-716043D72080}.Debug|Any CPU.Build.0 = Debug|Any CPU
		{EE3EC63A-8A2C-45F3-909C-716043D72080}.Release|Any CPU.ActiveCfg = Release|Any CPU
		{EE3EC63A-8A2C-45F3-909C-716043D72080}.Release|Any CPU.Build.0 = Release|Any CPU
		{56ABF01A-A2F2-4C94-AD95-15DF31F82337}.Debug|Any CPU.ActiveCfg = Debug|Any CPU
		{56ABF01A-A2F2-4C94-AD95-15DF31F82337}.Debug|Any CPU.Build.0 = Debug|Any CPU
		{56ABF01A-A2F2-4C94-AD95-15DF31F82337}.Release|Any CPU.ActiveCfg = Release|Any CPU
		{56ABF01A-A2F2-4C94-AD95-15DF31F82337}.Release|Any CPU.Build.0 = Release|Any CPU
		{80B17EDC-FD83-4CA1-8F37-FFA0DA1C366D}.Debug|Any CPU.ActiveCfg = Debug|Any CPU
		{80B17EDC-FD83-4CA1-8F37-FFA0DA1C366D}.Debug|Any CPU.Build.0 = Debug|Any CPU
		{80B17EDC-FD83-4CA1-8F37-FFA0DA1C366D}.Release|Any CPU.ActiveCfg = Release|Any CPU
		{80B17EDC-FD83-4CA1-8F37-FFA0DA1C366D}.Release|Any CPU.Build.0 = Release|Any CPU
	EndGlobalSection
	GlobalSection(SolutionProperties) = preSolution
		HideSolutionNode = FALSE
	EndGlobalSection
	GlobalSection(ExtensibilityGlobals) = postSolution
		SolutionGuid = {61337ED8-2D14-40EB-992B-02F957CF9560}
	EndGlobalSection
EndGlobal
